
Microsoft Visual Studio Solution File, Format Version 12.00
# Visual Studio Version 17
VisualStudioVersion = 17.6.33712.159
MinimumVisualStudioVersion = 10.0.40219.1
Project("{FAE04EC0-301F-11D3-BF4B-00C04F79EFBC}") = "MMC.API", "MMC.API\MMC.API.csproj", "{F6A595F3-E1BB-4D0D-9BD1-C3E7ABE6C145}"
EndProject
Project("{FAE04EC0-301F-11D3-BF4B-00C04F79EFBC}") = "MMC.EF", "MMC.EF\MMC.EF.csproj", "{E7FF3FB4-6D90-4BB7-B26A-33FC76A5C0B2}"
EndProject
Project("{FAE04EC0-301F-11D3-BF4B-00C04F79EFBC}") = "MMC.Core", "MMC.Core\MMC.Core.csproj", "{8BB6ED4F-EBA4-442D-8E8A-B1B161DDF340}"
EndProject
Project("{FAE04EC0-301F-11D3-BF4B-00C04F79EFBC}") = "MMC.WEB", "MMC.WEB\MMC.WEB.csproj", "{AA552DDD-A7C3-4AA9-9998-43E5E0640056}"
EndProject
Global
	GlobalSection(SolutionConfigurationPlatforms) = preSolution
		Debug|Any CPU = Debug|Any CPU
		Release|Any CPU = Release|Any CPU
	EndGlobalSection
	GlobalSection(ProjectConfigurationPlatforms) = postSolution
		{F6A595F3-E1BB-4D0D-9BD1-C3E7ABE6C145}.Debug|Any CPU.ActiveCfg = Debug|Any CPU
		{F6A595F3-E1BB-4D0D-9BD1-C3E7ABE6C145}.Debug|Any CPU.Build.0 = Debug|Any CPU
		{F6A595F3-E1BB-4D0D-9BD1-C3E7ABE6C145}.Release|Any CPU.ActiveCfg = Release|Any CPU
		{F6A595F3-E1BB-4D0D-9BD1-C3E7ABE6C145}.Release|Any CPU.Build.0 = Release|Any CPU
		{E7FF3FB4-6D90-4BB7-B26A-33FC76A5C0B2}.Debug|Any CPU.ActiveCfg = Debug|Any CPU
		{E7FF3FB4-6D90-4BB7-B26A-33FC76A5C0B2}.Debug|Any CPU.Build.0 = Debug|Any CPU
		{E7FF3FB4-6D90-4BB7-B26A-33FC76A5C0B2}.Release|Any CPU.ActiveCfg = Release|Any CPU
		{E7FF3FB4-6D90-4BB7-B26A-33FC76A5C0B2}.Release|Any CPU.Build.0 = Release|Any CPU
		{8BB6ED4F-EBA4-442D-8E8A-B1B161DDF340}.Debug|Any CPU.ActiveCfg = Debug|Any CPU
		{8BB6ED4F-EBA4-442D-8E8A-B1B161DDF340}.Debug|Any CPU.Build.0 = Debug|Any CPU
		{8BB6ED4F-EBA4-442D-8E8A-B1B161DDF340}.Release|Any CPU.ActiveCfg = Release|Any CPU
		{8BB6ED4F-EBA4-442D-8E8A-B1B161DDF340}.Release|Any CPU.Build.0 = Release|Any CPU
		{AA552DDD-A7C3-4AA9-9998-43E5E0640056}.Debug|Any CPU.ActiveCfg = Debug|Any CPU
		{AA552DDD-A7C3-4AA9-9998-43E5E0640056}.Debug|Any CPU.Build.0 = Debug|Any CPU
		{AA552DDD-A7C3-4AA9-9998-43E5E0640056}.Release|Any CPU.ActiveCfg = Release|Any CPU
		{AA552DDD-A7C3-4AA9-9998-43E5E0640056}.Release|Any CPU.Build.0 = Release|Any CPU
	EndGlobalSection
	GlobalSection(SolutionProperties) = preSolution
		HideSolutionNode = FALSE
	EndGlobalSection
	GlobalSection(ExtensibilityGlobals) = postSolution
		SolutionGuid = {CEF324A0-E17B-446F-A86C-436EC707EC1E}
	EndGlobalSection
EndGlobal
